
Microsoft Visual Studio Solution File, Format Version 12.00
# Visual Studio Version 16
VisualStudioVersion = 25.0.1700.5
MinimumVisualStudioVersion = 10.0.40219.1
Project("{FAE04EC0-301F-11D3-BF4B-00C04F79EFBC}") = "InterviewTestApp.Android", "InterviewTestApp\InterviewTestApp.Android\InterviewTestApp.Android.csproj", "{BC23B9B5-30E4-49E5-9782-E420D1D2AEE9}"
EndProject
Project("{FAE04EC0-301F-11D3-BF4B-00C04F79EFBC}") = "InterviewTestApp.iOS", "InterviewTestApp\InterviewTestApp.iOS\InterviewTestApp.iOS.csproj", "{5F72CC27-21A1-4223-B043-F496C013A38A}"
EndProject
Project("{FAE04EC0-301F-11D3-BF4B-00C04F79EFBC}") = "InterviewTestApp", "InterviewTestApp\InterviewTestApp\InterviewTestApp.csproj", "{8C037CE0-9749-4335-B92F-9211591D9529}"
EndProject
Global
	GlobalSection(SolutionConfigurationPlatforms) = preSolution
		Debug|Any CPU = Debug|Any CPU
		Release|Any CPU = Release|Any CPU
		Debug|iPhoneSimulator = Debug|iPhoneSimulator
		Release|iPhoneSimulator = Release|iPhoneSimulator
		Debug|iPhone = Debug|iPhone
		Release|iPhone = Release|iPhone
	EndGlobalSection
	GlobalSection(ProjectConfigurationPlatforms) = postSolution
		{BC23B9B5-30E4-49E5-9782-E420D1D2AEE9}.Debug|Any CPU.ActiveCfg = Debug|Any CPU
		{BC23B9B5-30E4-49E5-9782-E420D1D2AEE9}.Debug|Any CPU.Build.0 = Debug|Any CPU
		{BC23B9B5-30E4-49E5-9782-E420D1D2AEE9}.Release|Any CPU.ActiveCfg = Release|Any CPU
		{BC23B9B5-30E4-49E5-9782-E420D1D2AEE9}.Release|Any CPU.Build.0 = Release|Any CPU
		{BC23B9B5-30E4-49E5-9782-E420D1D2AEE9}.Debug|iPhoneSimulator.ActiveCfg = Debug|Any CPU
		{BC23B9B5-30E4-49E5-9782-E420D1D2AEE9}.Debug|iPhoneSimulator.Build.0 = Debug|Any CPU
		{BC23B9B5-30E4-49E5-9782-E420D1D2AEE9}.Release|iPhoneSimulator.ActiveCfg = Release|Any CPU
		{BC23B9B5-30E4-49E5-9782-E420D1D2AEE9}.Release|iPhoneSimulator.Build.0 = Release|Any CPU
		{BC23B9B5-30E4-49E5-9782-E420D1D2AEE9}.Debug|iPhone.ActiveCfg = Debug|Any CPU
		{BC23B9B5-30E4-49E5-9782-E420D1D2AEE9}.Debug|iPhone.Build.0 = Debug|Any CPU
		{BC23B9B5-30E4-49E5-9782-E420D1D2AEE9}.Release|iPhone.ActiveCfg = Release|Any CPU
		{BC23B9B5-30E4-49E5-9782-E420D1D2AEE9}.Release|iPhone.Build.0 = Release|Any CPU
		{5F72CC27-21A1-4223-B043-F496C013A38A}.Debug|Any CPU.ActiveCfg = Debug|iPhoneSimulator
		{5F72CC27-21A1-4223-B043-F496C013A38A}.Debug|Any CPU.Build.0 = Debug|iPhoneSimulator
		{5F72CC27-21A1-4223-B043-F496C013A38A}.Release|Any CPU.ActiveCfg = Release|iPhoneSimulator
		{5F72CC27-21A1-4223-B043-F496C013A38A}.Release|Any CPU.Build.0 = Release|iPhoneSimulator
		{5F72CC27-21A1-4223-B043-F496C013A38A}.Debug|iPhoneSimulator.ActiveCfg = Debug|iPhoneSimulator
		{5F72CC27-21A1-4223-B043-F496C013A38A}.Debug|iPhoneSimulator.Build.0 = Debug|iPhoneSimulator
		{5F72CC27-21A1-4223-B043-F496C013A38A}.Release|iPhoneSimulator.ActiveCfg = Release|iPhoneSimulator
		{5F72CC27-21A1-4223-B043-F496C013A38A}.Release|iPhoneSimulator.Build.0 = Release|iPhoneSimulator
		{5F72CC27-21A1-4223-B043-F496C013A38A}.Debug|iPhone.ActiveCfg = Debug|iPhone
		{5F72CC27-21A1-4223-B043-F496C013A38A}.Debug|iPhone.Build.0 = Debug|iPhone
		{5F72CC27-21A1-4223-B043-F496C013A38A}.Release|iPhone.ActiveCfg = Release|iPhone
		{5F72CC27-21A1-4223-B043-F496C013A38A}.Release|iPhone.Build.0 = Release|iPhone
		{8C037CE0-9749-4335-B92F-9211591D9529}.Debug|Any CPU.ActiveCfg = Debug|Any CPU
		{8C037CE0-9749-4335-B92F-9211591D9529}.Debug|Any CPU.Build.0 = Debug|Any CPU
		{8C037CE0-9749-4335-B92F-9211591D9529}.Release|Any CPU.ActiveCfg = Release|Any CPU
		{8C037CE0-9749-4335-B92F-9211591D9529}.Release|Any CPU.Build.0 = Release|Any CPU
		{8C037CE0-9749-4335-B92F-9211591D9529}.Debug|iPhoneSimulator.ActiveCfg = Debug|Any CPU
		{8C037CE0-9749-4335-B92F-9211591D9529}.Debug|iPhoneSimulator.Build.0 = Debug|Any CPU
		{8C037CE0-9749-4335-B92F-9211591D9529}.Release|iPhoneSimulator.ActiveCfg = Release|Any CPU
		{8C037CE0-9749-4335-B92F-9211591D9529}.Release|iPhoneSimulator.Build.0 = Release|Any CPU
		{8C037CE0-9749-4335-B92F-9211591D9529}.Debug|iPhone.ActiveCfg = Debug|Any CPU
		{8C037CE0-9749-4335-B92F-9211591D9529}.Debug|iPhone.Build.0 = Debug|Any CPU
		{8C037CE0-9749-4335-B92F-9211591D9529}.Release|iPhone.ActiveCfg = Release|Any CPU
		{8C037CE0-9749-4335-B92F-9211591D9529}.Release|iPhone.Build.0 = Release|Any CPU
	EndGlobalSection
	GlobalSection(SolutionProperties) = preSolution
		HideSolutionNode = FALSE
	EndGlobalSection
	GlobalSection(ExtensibilityGlobals) = postSolution
		SolutionGuid = {BA080EE7-A8BB-49F3-A5DA-FCC5463A3F14}
	EndGlobalSection
EndGlobal
